
Microsoft Visual Studio Solution File, Format Version 12.00
# Visual Studio Version 17
VisualStudioVersion = 17.7.34221.43
MinimumVisualStudioVersion = 10.0.40219.1
Project("{FAE04EC0-301F-11D3-BF4B-00C04F79EFBC}") = "MovieTheater", "MovieTheater\MovieTheater.csproj", "{C2397344-3B8A-480F-951E-23EADC0433CB}"
EndProject
Global
	GlobalSection(SolutionConfigurationPlatforms) = preSolution
		Debug|Any CPU = Debug|Any CPU
		Release|Any CPU = Release|Any CPU
	EndGlobalSection
	GlobalSection(ProjectConfigurationPlatforms) = postSolution
		{C2397344-3B8A-480F-951E-23EADC0433CB}.Debug|Any CPU.ActiveCfg = Debug|Any CPU
		{C2397344-3B8A-480F-951E-23EADC0433CB}.Debug|Any CPU.Build.0 = Debug|Any CPU
		{C2397344-3B8A-480F-951E-23EADC0433CB}.Release|Any CPU.ActiveCfg = Release|Any CPU
		{C2397344-3B8A-480F-951E-23EADC0433CB}.Release|Any CPU.Build.0 = Release|Any CPU
	EndGlobalSection
	GlobalSection(SolutionProperties) = preSolution
		HideSolutionNode = FALSE
	EndGlobalSection
	GlobalSection(ExtensibilityGlobals) = postSolution
		SolutionGuid = {924E6F87-04C9-4737-8FE8-BF65C779D1BC}
	EndGlobalSection
EndGlobal
